
Microsoft Visual Studio Solution File, Format Version 12.00
# Visual Studio Version 17
VisualStudioVersion = 17.10.35027.167
MinimumVisualStudioVersion = 10.0.40219.1
Project("{9A19103F-16F7-4668-BE54-9A1E7A4F7556}") = "TeduEcommerce.Domain", "src\TeduEcommerce.Domain\TeduEcommerce.Domain.csproj", "{554AD327-6DBA-4F8F-96F8-81CE7A0C863F}"
EndProject
Project("{9A19103F-16F7-4668-BE54-9A1E7A4F7556}") = "TeduEcommerce.Application", "src\TeduEcommerce.Application\TeduEcommerce.Application.csproj", "{1A94A50E-06DC-43C1-80B5-B662820EC3EB}"
EndProject
Project("{9A19103F-16F7-4668-BE54-9A1E7A4F7556}") = "TeduEcommerce.EntityFrameworkCore", "src\TeduEcommerce.EntityFrameworkCore\TeduEcommerce.EntityFrameworkCore.csproj", "{C956DD76-69C8-4A9C-83EA-D17DF83340FD}"
EndProject
Project("{2150E333-8FDC-42A3-9474-1A3956D46DE8}") = "src", "src", "{CA9AC87F-097E-4F15-8393-4BC07735A5B0}"
EndProject
Project("{2150E333-8FDC-42A3-9474-1A3956D46DE8}") = "test", "test", "{04DBDB01-70F4-4E06-B468-8F87850B22BE}"
EndProject
Project("{9A19103F-16F7-4668-BE54-9A1E7A4F7556}") = "TeduEcommerce.Application.Tests", "test\TeduEcommerce.Application.Tests\TeduEcommerce.Application.Tests.csproj", "{50B2631D-129C-47B3-A587-029CCD6099BC}"
EndProject
Project("{9A19103F-16F7-4668-BE54-9A1E7A4F7556}") = "TeduEcommerce.Domain.Shared", "src\TeduEcommerce.Domain.Shared\TeduEcommerce.Domain.Shared.csproj", "{42F719ED-8413-4895-B5B4-5AB56079BC66}"
EndProject
Project("{9A19103F-16F7-4668-BE54-9A1E7A4F7556}") = "TeduEcommerce.Application.Contracts", "src\TeduEcommerce.Application.Contracts\TeduEcommerce.Application.Contracts.csproj", "{520659C8-C734-4298-A3DA-B539DB9DFC0B}"
EndProject
Project("{9A19103F-16F7-4668-BE54-9A1E7A4F7556}") = "TeduEcommerce.HttpApi", "src\TeduEcommerce.HttpApi\TeduEcommerce.HttpApi.csproj", "{4164BDF7-F527-4E85-9CE6-E3C2D7426A27}"
EndProject
Project("{9A19103F-16F7-4668-BE54-9A1E7A4F7556}") = "TeduEcommerce.HttpApi.Client", "src\TeduEcommerce.HttpApi.Client\TeduEcommerce.HttpApi.Client.csproj", "{3B5A0094-670D-4BB1-BFDD-61B88A8773DC}"
EndProject
Project("{9A19103F-16F7-4668-BE54-9A1E7A4F7556}") = "TeduEcommerce.AuthServer", "src\TeduEcommerce.AuthServer\TeduEcommerce.AuthServer.csproj", "{073C361E-B8F4-49F5-93CC-72A3FF49C026}"
EndProject
Project("{9A19103F-16F7-4668-BE54-9A1E7A4F7556}") = "TeduEcommerce.HttpApi.Host", "src\TeduEcommerce.HttpApi.Host\TeduEcommerce.HttpApi.Host.csproj", "{E6D5BF0E-DE92-4D82-A352-EF04B37CB11C}"
EndProject
Project("{9A19103F-16F7-4668-BE54-9A1E7A4F7556}") = "TeduEcommerce.EntityFrameworkCore.Tests", "test\TeduEcommerce.EntityFrameworkCore.Tests\TeduEcommerce.EntityFrameworkCore.Tests.csproj", "{1FE30EB9-74A9-47F5-A9F6-7B1FAB672D81}"
EndProject
Project("{9A19103F-16F7-4668-BE54-9A1E7A4F7556}") = "TeduEcommerce.TestBase", "test\TeduEcommerce.TestBase\TeduEcommerce.TestBase.csproj", "{91853F21-9CD9-4132-BC29-A7D5D84FFFE7}"
EndProject
Project("{9A19103F-16F7-4668-BE54-9A1E7A4F7556}") = "TeduEcommerce.Domain.Tests", "test\TeduEcommerce.Domain.Tests\TeduEcommerce.Domain.Tests.csproj", "{E512F4D9-9375-480F-A2F6-A46509F9D824}"
EndProject
Project("{9A19103F-16F7-4668-BE54-9A1E7A4F7556}") = "TeduEcommerce.HttpApi.Client.ConsoleTestApp", "test\TeduEcommerce.HttpApi.Client.ConsoleTestApp\TeduEcommerce.HttpApi.Client.ConsoleTestApp.csproj", "{EF480016-9127-4916-8735-D2466BDBC582}"
EndProject
Project("{9A19103F-16F7-4668-BE54-9A1E7A4F7556}") = "TeduEcommerce.DbMigrator", "src\TeduEcommerce.DbMigrator\TeduEcommerce.DbMigrator.csproj", "{AA94D832-1CCC-4715-95A9-A483F23A1A5D}"
EndProject
Project("{2150E333-8FDC-42A3-9474-1A3956D46DE8}") = "admin", "admin", "{8A4A9D86-1C03-41CC-84C6-E0CBE9A50E6B}"
EndProject
Project("{2150E333-8FDC-42A3-9474-1A3956D46DE8}") = "common", "common", "{64FD42C7-D8B5-458A-A16E-08315810E7C2}"
EndProject
Project("{2150E333-8FDC-42A3-9474-1A3956D46DE8}") = "public", "public", "{BEB157B4-20F8-4953-BD6F-C8032E37D1A2}"
EndProject
Project("{2150E333-8FDC-42A3-9474-1A3956D46DE8}") = "identity", "identity", "{4F670FBB-2C47-490F-A484-67149C980DA7}"
EndProject
Project("{2150E333-8FDC-42A3-9474-1A3956D46DE8}") = "domain", "domain", "{A49D7CE1-B069-4099-8290-52D4A6CA2E79}"
EndProject
Project("{2150E333-8FDC-42A3-9474-1A3956D46DE8}") = "infrastructure", "infrastructure", "{66CBFA76-B901-428A-958E-F7024CB68993}"
EndProject
Project("{2150E333-8FDC-42A3-9474-1A3956D46DE8}") = "admin", "admin", "{1EB7D387-F623-45F9-B984-B3029966316F}"
EndProject
Project("{2150E333-8FDC-42A3-9474-1A3956D46DE8}") = "public", "public", "{3635B7C6-0C5C-420C-80A9-D68F1CA55CAB}"
EndProject
Project("{2150E333-8FDC-42A3-9474-1A3956D46DE8}") = "shared", "shared", "{90183EA2-69DF-4C3F-BA72-418DD3514BBD}"
EndProject
Project("{9A19103F-16F7-4668-BE54-9A1E7A4F7556}") = "TeduEcommerce.Admin.Application.Tests", "test\TeduEcommerce.Admin.Application.Tests\TeduEcommerce.Admin.Application.Tests.csproj", "{499AD317-E66E-4F6A-82AB-81BD5689DBA0}"
EndProject
Project("{9A19103F-16F7-4668-BE54-9A1E7A4F7556}") = "TeduEcommerce.Admin.HttpApi.Client.ConsoleTestApp", "test\TeduEcommerce.Admin.HttpApi.Client.ConsoleTestApp\TeduEcommerce.Admin.HttpApi.Client.ConsoleTestApp.csproj", "{D4A5B4DD-947D-4DBD-A2C4-FCC99BAB86C3}"
EndProject
Project("{9A19103F-16F7-4668-BE54-9A1E7A4F7556}") = "TeduEcommerce.Admin.Application", "src\TeduEcommerce.Admin.Application\TeduEcommerce.Admin.Application.csproj", "{D898459D-627C-4C21-9C3F-175BBBEC15F3}"
EndProject
Project("{9A19103F-16F7-4668-BE54-9A1E7A4F7556}") = "TeduEcommerce.Admin.Application.Contracts", "src\TeduEcommerce.Admin.Application.Contracts\TeduEcommerce.Admin.Application.Contracts.csproj", "{FD7F8B19-5D20-4322-9EC3-310B17460FA3}"
EndProject
Project("{9A19103F-16F7-4668-BE54-9A1E7A4F7556}") = "TeduEcommerce.Admin.HttpApi", "src\TeduEcommerce.Admin.HttpApi\TeduEcommerce.Admin.HttpApi.csproj", "{24D32408-A504-4624-A3CB-14746219540C}"
EndProject
Project("{9A19103F-16F7-4668-BE54-9A1E7A4F7556}") = "TeduEcommerce.Admin.HttpApi.Client", "src\TeduEcommerce.Admin.HttpApi.Client\TeduEcommerce.Admin.HttpApi.Client.csproj", "{A28B1EB3-AC39-44BB-9525-E06E8E814CF3}"
EndProject
Project("{9A19103F-16F7-4668-BE54-9A1E7A4F7556}") = "TeduEcommerce.Admin.HttpApi.Host", "src\TeduEcommerce.Admin.HttpApi.Host\TeduEcommerce.Admin.HttpApi.Host.csproj", "{25202C39-9A6B-4452-9CCD-73120FB630BE}"
EndProject
Global
	GlobalSection(SolutionConfigurationPlatforms) = preSolution
		Debug|Any CPU = Debug|Any CPU
		Release|Any CPU = Release|Any CPU
	EndGlobalSection
	GlobalSection(ProjectConfigurationPlatforms) = postSolution
		{554AD327-6DBA-4F8F-96F8-81CE7A0C863F}.Debug|Any CPU.ActiveCfg = Debug|Any CPU
		{554AD327-6DBA-4F8F-96F8-81CE7A0C863F}.Debug|Any CPU.Build.0 = Debug|Any CPU
		{554AD327-6DBA-4F8F-96F8-81CE7A0C863F}.Release|Any CPU.ActiveCfg = Release|Any CPU
		{554AD327-6DBA-4F8F-96F8-81CE7A0C863F}.Release|Any CPU.Build.0 = Release|Any CPU
		{1A94A50E-06DC-43C1-80B5-B662820EC3EB}.Debug|Any CPU.ActiveCfg = Debug|Any CPU
		{1A94A50E-06DC-43C1-80B5-B662820EC3EB}.Debug|Any CPU.Build.0 = Debug|Any CPU
		{1A94A50E-06DC-43C1-80B5-B662820EC3EB}.Release|Any CPU.ActiveCfg = Release|Any CPU
		{1A94A50E-06DC-43C1-80B5-B662820EC3EB}.Release|Any CPU.Build.0 = Release|Any CPU
		{C956DD76-69C8-4A9C-83EA-D17DF83340FD}.Debug|Any CPU.ActiveCfg = Debug|Any CPU
		{C956DD76-69C8-4A9C-83EA-D17DF83340FD}.Debug|Any CPU.Build.0 = Debug|Any CPU
		{C956DD76-69C8-4A9C-83EA-D17DF83340FD}.Release|Any CPU.ActiveCfg = Release|Any CPU
		{C956DD76-69C8-4A9C-83EA-D17DF83340FD}.Release|Any CPU.Build.0 = Release|Any CPU
		{50B2631D-129C-47B3-A587-029CCD6099BC}.Debug|Any CPU.ActiveCfg = Debug|Any CPU
		{50B2631D-129C-47B3-A587-029CCD6099BC}.Debug|Any CPU.Build.0 = Debug|Any CPU
		{50B2631D-129C-47B3-A587-029CCD6099BC}.Release|Any CPU.ActiveCfg = Release|Any CPU
		{50B2631D-129C-47B3-A587-029CCD6099BC}.Release|Any CPU.Build.0 = Release|Any CPU
		{42F719ED-8413-4895-B5B4-5AB56079BC66}.Debug|Any CPU.ActiveCfg = Debug|Any CPU
		{42F719ED-8413-4895-B5B4-5AB56079BC66}.Debug|Any CPU.Build.0 = Debug|Any CPU
		{42F719ED-8413-4895-B5B4-5AB56079BC66}.Release|Any CPU.ActiveCfg = Release|Any CPU
		{42F719ED-8413-4895-B5B4-5AB56079BC66}.Release|Any CPU.Build.0 = Release|Any CPU
		{520659C8-C734-4298-A3DA-B539DB9DFC0B}.Debug|Any CPU.ActiveCfg = Debug|Any CPU
		{520659C8-C734-4298-A3DA-B539DB9DFC0B}.Debug|Any CPU.Build.0 = Debug|Any CPU
		{520659C8-C734-4298-A3DA-B539DB9DFC0B}.Release|Any CPU.ActiveCfg = Release|Any CPU
		{520659C8-C734-4298-A3DA-B539DB9DFC0B}.Release|Any CPU.Build.0 = Release|Any CPU
		{4164BDF7-F527-4E85-9CE6-E3C2D7426A27}.Debug|Any CPU.ActiveCfg = Debug|Any CPU
		{4164BDF7-F527-4E85-9CE6-E3C2D7426A27}.Debug|Any CPU.Build.0 = Debug|Any CPU
		{4164BDF7-F527-4E85-9CE6-E3C2D7426A27}.Release|Any CPU.ActiveCfg = Release|Any CPU
		{4164BDF7-F527-4E85-9CE6-E3C2D7426A27}.Release|Any CPU.Build.0 = Release|Any CPU
		{3B5A0094-670D-4BB1-BFDD-61B88A8773DC}.Debug|Any CPU.ActiveCfg = Debug|Any CPU
		{3B5A0094-670D-4BB1-BFDD-61B88A8773DC}.Debug|Any CPU.Build.0 = Debug|Any CPU
		{3B5A0094-670D-4BB1-BFDD-61B88A8773DC}.Release|Any CPU.ActiveCfg = Release|Any CPU
		{3B5A0094-670D-4BB1-BFDD-61B88A8773DC}.Release|Any CPU.Build.0 = Release|Any CPU
		{073C361E-B8F4-49F5-93CC-72A3FF49C026}.Debug|Any CPU.ActiveCfg = Debug|Any CPU
		{073C361E-B8F4-49F5-93CC-72A3FF49C026}.Debug|Any CPU.Build.0 = Debug|Any CPU
		{073C361E-B8F4-49F5-93CC-72A3FF49C026}.Release|Any CPU.ActiveCfg = Release|Any CPU
		{073C361E-B8F4-49F5-93CC-72A3FF49C026}.Release|Any CPU.Build.0 = Release|Any CPU
		{E6D5BF0E-DE92-4D82-A352-EF04B37CB11C}.Debug|Any CPU.ActiveCfg = Debug|Any CPU
		{E6D5BF0E-DE92-4D82-A352-EF04B37CB11C}.Debug|Any CPU.Build.0 = Debug|Any CPU
		{E6D5BF0E-DE92-4D82-A352-EF04B37CB11C}.Release|Any CPU.ActiveCfg = Release|Any CPU
		{E6D5BF0E-DE92-4D82-A352-EF04B37CB11C}.Release|Any CPU.Build.0 = Release|Any CPU
		{1FE30EB9-74A9-47F5-A9F6-7B1FAB672D81}.Debug|Any CPU.ActiveCfg = Debug|Any CPU
		{1FE30EB9-74A9-47F5-A9F6-7B1FAB672D81}.Debug|Any CPU.Build.0 = Debug|Any CPU
		{1FE30EB9-74A9-47F5-A9F6-7B1FAB672D81}.Release|Any CPU.ActiveCfg = Release|Any CPU
		{1FE30EB9-74A9-47F5-A9F6-7B1FAB672D81}.Release|Any CPU.Build.0 = Release|Any CPU
		{91853F21-9CD9-4132-BC29-A7D5D84FFFE7}.Debug|Any CPU.ActiveCfg = Debug|Any CPU
		{91853F21-9CD9-4132-BC29-A7D5D84FFFE7}.Debug|Any CPU.Build.0 = Debug|Any CPU
		{91853F21-9CD9-4132-BC29-A7D5D84FFFE7}.Release|Any CPU.ActiveCfg = Release|Any CPU
		{91853F21-9CD9-4132-BC29-A7D5D84FFFE7}.Release|Any CPU.Build.0 = Release|Any CPU
		{E512F4D9-9375-480F-A2F6-A46509F9D824}.Debug|Any CPU.ActiveCfg = Debug|Any CPU
		{E512F4D9-9375-480F-A2F6-A46509F9D824}.Debug|Any CPU.Build.0 = Debug|Any CPU
		{E512F4D9-9375-480F-A2F6-A46509F9D824}.Release|Any CPU.ActiveCfg = Release|Any CPU
		{E512F4D9-9375-480F-A2F6-A46509F9D824}.Release|Any CPU.Build.0 = Release|Any CPU
		{EF480016-9127-4916-8735-D2466BDBC582}.Debug|Any CPU.ActiveCfg = Debug|Any CPU
		{EF480016-9127-4916-8735-D2466BDBC582}.Debug|Any CPU.Build.0 = Debug|Any CPU
		{EF480016-9127-4916-8735-D2466BDBC582}.Release|Any CPU.ActiveCfg = Release|Any CPU
		{EF480016-9127-4916-8735-D2466BDBC582}.Release|Any CPU.Build.0 = Release|Any CPU
		{AA94D832-1CCC-4715-95A9-A483F23A1A5D}.Debug|Any CPU.ActiveCfg = Debug|Any CPU
		{AA94D832-1CCC-4715-95A9-A483F23A1A5D}.Debug|Any CPU.Build.0 = Debug|Any CPU
		{AA94D832-1CCC-4715-95A9-A483F23A1A5D}.Release|Any CPU.ActiveCfg = Release|Any CPU
		{AA94D832-1CCC-4715-95A9-A483F23A1A5D}.Release|Any CPU.Build.0 = Release|Any CPU
		{499AD317-E66E-4F6A-82AB-81BD5689DBA0}.Debug|Any CPU.ActiveCfg = Debug|Any CPU
		{499AD317-E66E-4F6A-82AB-81BD5689DBA0}.Debug|Any CPU.Build.0 = Debug|Any CPU
		{499AD317-E66E-4F6A-82AB-81BD5689DBA0}.Release|Any CPU.ActiveCfg = Release|Any CPU
		{499AD317-E66E-4F6A-82AB-81BD5689DBA0}.Release|Any CPU.Build.0 = Release|Any CPU
		{D4A5B4DD-947D-4DBD-A2C4-FCC99BAB86C3}.Debug|Any CPU.ActiveCfg = Debug|Any CPU
		{D4A5B4DD-947D-4DBD-A2C4-FCC99BAB86C3}.Debug|Any CPU.Build.0 = Debug|Any CPU
		{D4A5B4DD-947D-4DBD-A2C4-FCC99BAB86C3}.Release|Any CPU.ActiveCfg = Release|Any CPU
		{D4A5B4DD-947D-4DBD-A2C4-FCC99BAB86C3}.Release|Any CPU.Build.0 = Release|Any CPU
		{D898459D-627C-4C21-9C3F-175BBBEC15F3}.Debug|Any CPU.ActiveCfg = Debug|Any CPU
		{D898459D-627C-4C21-9C3F-175BBBEC15F3}.Debug|Any CPU.Build.0 = Debug|Any CPU
		{D898459D-627C-4C21-9C3F-175BBBEC15F3}.Release|Any CPU.ActiveCfg = Release|Any CPU
		{D898459D-627C-4C21-9C3F-175BBBEC15F3}.Release|Any CPU.Build.0 = Release|Any CPU
		{FD7F8B19-5D20-4322-9EC3-310B17460FA3}.Debug|Any CPU.ActiveCfg = Debug|Any CPU
		{FD7F8B19-5D20-4322-9EC3-310B17460FA3}.Debug|Any CPU.Build.0 = Debug|Any CPU
		{FD7F8B19-5D20-4322-9EC3-310B17460FA3}.Release|Any CPU.ActiveCfg = Release|Any CPU
		{FD7F8B19-5D20-4322-9EC3-310B17460FA3}.Release|Any CPU.Build.0 = Release|Any CPU
		{24D32408-A504-4624-A3CB-14746219540C}.Debug|Any CPU.ActiveCfg = Debug|Any CPU
		{24D32408-A504-4624-A3CB-14746219540C}.Debug|Any CPU.Build.0 = Debug|Any CPU
		{24D32408-A504-4624-A3CB-14746219540C}.Release|Any CPU.ActiveCfg = Release|Any CPU
		{24D32408-A504-4624-A3CB-14746219540C}.Release|Any CPU.Build.0 = Release|Any CPU
		{A28B1EB3-AC39-44BB-9525-E06E8E814CF3}.Debug|Any CPU.ActiveCfg = Debug|Any CPU
		{A28B1EB3-AC39-44BB-9525-E06E8E814CF3}.Debug|Any CPU.Build.0 = Debug|Any CPU
		{A28B1EB3-AC39-44BB-9525-E06E8E814CF3}.Release|Any CPU.ActiveCfg = Release|Any CPU
		{A28B1EB3-AC39-44BB-9525-E06E8E814CF3}.Release|Any CPU.Build.0 = Release|Any CPU
		{25202C39-9A6B-4452-9CCD-73120FB630BE}.Debug|Any CPU.ActiveCfg = Debug|Any CPU
		{25202C39-9A6B-4452-9CCD-73120FB630BE}.Debug|Any CPU.Build.0 = Debug|Any CPU
		{25202C39-9A6B-4452-9CCD-73120FB630BE}.Release|Any CPU.ActiveCfg = Release|Any CPU
		{25202C39-9A6B-4452-9CCD-73120FB630BE}.Release|Any CPU.Build.0 = Release|Any CPU
	EndGlobalSection
	GlobalSection(SolutionProperties) = preSolution
		HideSolutionNode = FALSE
	EndGlobalSection
	GlobalSection(NestedProjects) = preSolution
		{554AD327-6DBA-4F8F-96F8-81CE7A0C863F} = {A49D7CE1-B069-4099-8290-52D4A6CA2E79}
		{1A94A50E-06DC-43C1-80B5-B662820EC3EB} = {BEB157B4-20F8-4953-BD6F-C8032E37D1A2}
		{C956DD76-69C8-4A9C-83EA-D17DF83340FD} = {66CBFA76-B901-428A-958E-F7024CB68993}
		{50B2631D-129C-47B3-A587-029CCD6099BC} = {3635B7C6-0C5C-420C-80A9-D68F1CA55CAB}
		{42F719ED-8413-4895-B5B4-5AB56079BC66} = {A49D7CE1-B069-4099-8290-52D4A6CA2E79}
		{520659C8-C734-4298-A3DA-B539DB9DFC0B} = {BEB157B4-20F8-4953-BD6F-C8032E37D1A2}
		{4164BDF7-F527-4E85-9CE6-E3C2D7426A27} = {BEB157B4-20F8-4953-BD6F-C8032E37D1A2}
		{3B5A0094-670D-4BB1-BFDD-61B88A8773DC} = {BEB157B4-20F8-4953-BD6F-C8032E37D1A2}
		{073C361E-B8F4-49F5-93CC-72A3FF49C026} = {4F670FBB-2C47-490F-A484-67149C980DA7}
		{E6D5BF0E-DE92-4D82-A352-EF04B37CB11C} = {BEB157B4-20F8-4953-BD6F-C8032E37D1A2}
		{1FE30EB9-74A9-47F5-A9F6-7B1FAB672D81} = {90183EA2-69DF-4C3F-BA72-418DD3514BBD}
		{91853F21-9CD9-4132-BC29-A7D5D84FFFE7} = {90183EA2-69DF-4C3F-BA72-418DD3514BBD}
		{E512F4D9-9375-480F-A2F6-A46509F9D824} = {3635B7C6-0C5C-420C-80A9-D68F1CA55CAB}
		{EF480016-9127-4916-8735-D2466BDBC582} = {90183EA2-69DF-4C3F-BA72-418DD3514BBD}
		{AA94D832-1CCC-4715-95A9-A483F23A1A5D} = {66CBFA76-B901-428A-958E-F7024CB68993}
		{8A4A9D86-1C03-41CC-84C6-E0CBE9A50E6B} = {CA9AC87F-097E-4F15-8393-4BC07735A5B0}
		{64FD42C7-D8B5-458A-A16E-08315810E7C2} = {CA9AC87F-097E-4F15-8393-4BC07735A5B0}
		{BEB157B4-20F8-4953-BD6F-C8032E37D1A2} = {CA9AC87F-097E-4F15-8393-4BC07735A5B0}
		{4F670FBB-2C47-490F-A484-67149C980DA7} = {CA9AC87F-097E-4F15-8393-4BC07735A5B0}
		{A49D7CE1-B069-4099-8290-52D4A6CA2E79} = {64FD42C7-D8B5-458A-A16E-08315810E7C2}
		{66CBFA76-B901-428A-958E-F7024CB68993} = {64FD42C7-D8B5-458A-A16E-08315810E7C2}
		{1EB7D387-F623-45F9-B984-B3029966316F} = {04DBDB01-70F4-4E06-B468-8F87850B22BE}
		{3635B7C6-0C5C-420C-80A9-D68F1CA55CAB} = {04DBDB01-70F4-4E06-B468-8F87850B22BE}
		{90183EA2-69DF-4C3F-BA72-418DD3514BBD} = {04DBDB01-70F4-4E06-B468-8F87850B22BE}
		{499AD317-E66E-4F6A-82AB-81BD5689DBA0} = {1EB7D387-F623-45F9-B984-B3029966316F}
		{D4A5B4DD-947D-4DBD-A2C4-FCC99BAB86C3} = {1EB7D387-F623-45F9-B984-B3029966316F}
		{D898459D-627C-4C21-9C3F-175BBBEC15F3} = {8A4A9D86-1C03-41CC-84C6-E0CBE9A50E6B}
		{FD7F8B19-5D20-4322-9EC3-310B17460FA3} = {8A4A9D86-1C03-41CC-84C6-E0CBE9A50E6B}
		{24D32408-A504-4624-A3CB-14746219540C} = {8A4A9D86-1C03-41CC-84C6-E0CBE9A50E6B}
		{A28B1EB3-AC39-44BB-9525-E06E8E814CF3} = {8A4A9D86-1C03-41CC-84C6-E0CBE9A50E6B}
		{25202C39-9A6B-4452-9CCD-73120FB630BE} = {8A4A9D86-1C03-41CC-84C6-E0CBE9A50E6B}
	EndGlobalSection
	GlobalSection(ExtensibilityGlobals) = postSolution
		SolutionGuid = {28315BFD-90E7-4E14-A2EA-F3D23AF4126F}
	EndGlobalSection
EndGlobal
